{
  "name": "nact-bookorders",
  "version": "1.0.0",
  "lockfileVersion": 3,
  "requires": true,
  "packages": {
    "": {
      "name": "nact-bookorders",
      "version": "1.0.0",
      "license": "ISC",
      "dependencies": {
        "nact": "7.6.2",
        "uuid": "9.0.1"
      }
    },
    "node_modules/denque": {
      "version": "1.5.1",
      "resolved": "https://nexus.visma.com/repository/npm-all/denque/-/denque-1.5.1.tgz",
      "integrity": "sha512-XwE+iZ4D6ZUB7mfYRMb5wByE8L74HCn30FBN7sWnXksWc1LO1bPDl67pBR9o/kC4z/xSNAwkMYcGgqDV3BE3Hw==",
      "license": "Apache-2.0",
      "engines": {
        "node": ">=0.10"
      }
    },
    "node_modules/nact": {
      "version": "7.6.2",
      "resolved": "https://nexus.visma.com/repository/npm-all/nact/-/nact-7.6.2.tgz",
      "integrity": "sha512-rEAwMbuv/rIaa+DLoPfZE/5CjnlVabS9bwSY/UpFSp0OfcOS5hRpe9F3KmS1U26G0TgrkFb+66BbVhsnEF0rwA==",
      "license": "Apache-2.0",
      "dependencies": {
        "denque": "^1.2.3"
      }
    },
    "node_modules/uuid": {
      "version": "9.0.1",
      "resolved": "https://nexus.visma.com/repository/npm-all/uuid/-/uuid-9.0.1.tgz",
      "integrity": "sha512-b+1eJOlsR9K8HJpow9Ok3fiWOWSIcIzXodvv0rQjVoOVNpWMpxf1wZNpt4y9h10odCNrqnYp1OBzRktckBe3sA==",
      "funding": [
        "https://github.com/sponsors/broofa",
        "https://github.com/sponsors/ctavan"
      ],
      "license": "MIT",
      "bin": {
        "uuid": "dist/bin/uuid"
      }
    }
  }
}
